
Microsoft Visual Studio Solution File, Format Version 12.00
# Visual Studio Version 16
VisualStudioVersion = 16.0.31402.337
MinimumVisualStudioVersion = 10.0.40219.1
Project("{FAE04EC0-301F-11D3-BF4B-00C04F79EFBC}") = "Market", "Market\Market.csproj", "{EEA21498-0CA9-41CE-A5F8-989599872B43}"
EndProject
Global
	GlobalSection(SolutionConfigurationPlatforms) = preSolution
		Debug|Any CPU = Debug|Any CPU
		Release|Any CPU = Release|Any CPU
	EndGlobalSection
	GlobalSection(ProjectConfigurationPlatforms) = postSolution
		{EEA21498-0CA9-41CE-A5F8-989599872B43}.Debug|Any CPU.ActiveCfg = Debug|Any CPU
		{EEA21498-0CA9-41CE-A5F8-989599872B43}.Debug|Any CPU.Build.0 = Debug|Any CPU
		{EEA21498-0CA9-41CE-A5F8-989599872B43}.Release|Any CPU.ActiveCfg = Release|Any CPU
		{EEA21498-0CA9-41CE-A5F8-989599872B43}.Release|Any CPU.Build.0 = Release|Any CPU
	EndGlobalSection
	GlobalSection(SolutionProperties) = preSolution
		HideSolutionNode = FALSE
	EndGlobalSection
	GlobalSection(ExtensibilityGlobals) = postSolution
		SolutionGuid = {552AAD04-FE54-4F30-B54F-B5F007869ADE}
	EndGlobalSection
EndGlobal
